
Microsoft Visual Studio Solution File, Format Version 12.00
# Visual Studio 15
VisualStudioVersion = 15.0.28307.168
MinimumVisualStudioVersion = 10.0.40219.1
Project("{FAE04EC0-301F-11D3-BF4B-00C04F79EFBC}") = "produtos29", "produtos29\produtos29.csproj", "{FA03D8F3-3C01-4D46-AE03-9D42FE4DA4BB}"
EndProject
Global
	GlobalSection(SolutionConfigurationPlatforms) = preSolution
		Debug|Any CPU = Debug|Any CPU
		Release|Any CPU = Release|Any CPU
	EndGlobalSection
	GlobalSection(ProjectConfigurationPlatforms) = postSolution
		{FA03D8F3-3C01-4D46-AE03-9D42FE4DA4BB}.Debug|Any CPU.ActiveCfg = Debug|Any CPU
		{FA03D8F3-3C01-4D46-AE03-9D42FE4DA4BB}.Debug|Any CPU.Build.0 = Debug|Any CPU
		{FA03D8F3-3C01-4D46-AE03-9D42FE4DA4BB}.Release|Any CPU.ActiveCfg = Release|Any CPU
		{FA03D8F3-3C01-4D46-AE03-9D42FE4DA4BB}.Release|Any CPU.Build.0 = Release|Any CPU
	EndGlobalSection
	GlobalSection(SolutionProperties) = preSolution
		HideSolutionNode = FALSE
	EndGlobalSection
	GlobalSection(ExtensibilityGlobals) = postSolution
		SolutionGuid = {5DB83AC1-AAFB-49D2-98D8-F75D8201024E}
	EndGlobalSection
EndGlobal
